
Microsoft Visual Studio Solution File, Format Version 12.00
# Visual Studio Version 17
VisualStudioVersion = 17.5.33424.131
MinimumVisualStudioVersion = 10.0.40219.1
Project("{FAE04EC0-301F-11D3-BF4B-00C04F79EFBC}") = "Spoofer", "Spoofer\Spoofer.csproj", "{5A4CCFAC-B25C-41B4-BC07-D71AAB700B83}"
EndProject
Global
	GlobalSection(SolutionConfigurationPlatforms) = preSolution
		Debug|Any CPU = Debug|Any CPU
		Release|Any CPU = Release|Any CPU
	EndGlobalSection
	GlobalSection(ProjectConfigurationPlatforms) = postSolution
		{5A4CCFAC-B25C-41B4-BC07-D71AAB700B83}.Debug|Any CPU.ActiveCfg = Debug|Any CPU
		{5A4CCFAC-B25C-41B4-BC07-D71AAB700B83}.Debug|Any CPU.Build.0 = Debug|Any CPU
		{5A4CCFAC-B25C-41B4-BC07-D71AAB700B83}.Release|Any CPU.ActiveCfg = Release|Any CPU
		{5A4CCFAC-B25C-41B4-BC07-D71AAB700B83}.Release|Any CPU.Build.0 = Release|Any CPU
	EndGlobalSection
	GlobalSection(SolutionProperties) = preSolution
		HideSolutionNode = FALSE
	EndGlobalSection
	GlobalSection(ExtensibilityGlobals) = postSolution
		SolutionGuid = {8C93206F-3045-4829-84E4-0E94E26A2E44}
	EndGlobalSection
EndGlobal
